{
  "object": {
    "pins": [
      {
        "package": "Alamofire",
        "repositoryURL": "https://github.com/Alamofire/Alamofire",
        "state": {
          "branch": "master",
          "revision": "66d58fed07b5e6cc06ad6e086c72f10759196ea9",
          "version": null
        }
      },
      {
        "package": "Kingfisher",
        "repositoryURL": "https://github.com/onevcat/Kingfisher.git",
        "state": {
          "branch": "master",
          "revision": "c21f9abbfa29dd3e1456387503d722ca5d11a71e",
          "version": null
        }
      },
      {
        "package": "SwiftLocation",
        "repositoryURL": "https://github.com/malcommac/SwiftLocation.git",
        "state": {
          "branch": null,
          "revision": "f8ec8e97095eb3a5312370ad94b921768217625f",
          "version": "5.1.0"
        }
      }
    ]
  },
  "version": 1
}
